
Microsoft Visual Studio Solution File, Format Version 12.00
# Visual Studio Version 17
VisualStudioVersion = 17.14.36930.0
MinimumVisualStudioVersion = 10.0.40219.1
Project("{FAE04EC0-301F-11D3-BF4B-00C04F79EFBC}") = "DiscordMessageAPI", "DiscordMessageAPI\DiscordMessageAPI.csproj", "{C71A1E67-9C19-493D-A69E-04A1AA18BE19}"
	ProjectSection(ProjectDependencies) = postProject
		{F393F1AE-1E34-4A62-8898-C60CD7165AEE} = {F393F1AE-1E34-4A62-8898-C60CD7165AEE}
		{EE45C57D-E941-4F8B-A315-624ECBA39282} = {EE45C57D-E941-4F8B-A315-624ECBA39282}
	EndProjectSection
EndProject
Project("{FAE04EC0-301F-11D3-BF4B-00C04F79EFBC}") = "featureTest", "featureTest\featureTest.csproj", "{F8606BDD-8B28-43F9-8E96-06CCE7387498}"
EndProject
Project("{FAE04EC0-301F-11D3-BF4B-00C04F79EFBC}") = "Arma3WebService", "Arma3WebService\Arma3WebService.csproj", "{816392A1-8C07-4420-9A94-55DFD96C7E28}"
EndProject
Project("{FAE04EC0-301F-11D3-BF4B-00C04F79EFBC}") = "ServiceConnection", "ServiceConnection\ServiceConnection.csproj", "{EE45C57D-E941-4F8B-A315-624ECBA39282}"
EndProject
Project("{FAE04EC0-301F-11D3-BF4B-00C04F79EFBC}") = "Components", "Components\Components.csproj", "{F393F1AE-1E34-4A62-8898-C60CD7165AEE}"
EndProject
Project("{54A90642-561A-4BB1-A94E-469ADEE60C69}") = "vuefrontend", "vueFrontend\vuefrontend.esproj", "{FB9E05D2-EB58-7225-AC54-2C648CD56153}"
EndProject
Project("{FAE04EC0-301F-11D3-BF4B-00C04F79EFBC}") = "DiscordMessageAPIService", "DiscordMessageAPIService\DiscordMessageAPIService.csproj", "{499416A8-8C8D-4B6B-81A3-7E11E159FBBE}"
EndProject
Project("{FAE04EC0-301F-11D3-BF4B-00C04F79EFBC}") = "ExtensionComponents", "ExtensionComponents\ExtensionComponents.csproj", "{10DC7860-98D5-49F1-8CD1-2B9A36D691BC}"
EndProject
Project("{FAE04EC0-301F-11D3-BF4B-00C04F79EFBC}") = "Arma3WebService.Migrations.MySQL", "Arma3WebService.Migrations.MySQL\Arma3WebService.Migrations.MySQL.csproj", "{CB8E741D-B799-4611-8C0F-8D48D40F614E}"
EndProject
Project("{FAE04EC0-301F-11D3-BF4B-00C04F79EFBC}") = "Arma3WebService.Migrations.NpgSQL", "Arma3WebService.Migrations.NpgSQL\Arma3WebService.Migrations.NpgSQL.csproj", "{09E6EAEC-1E41-469C-960D-C251591FA3A2}"
EndProject
Project("{FAE04EC0-301F-11D3-BF4B-00C04F79EFBC}") = "Arma3WebService.DBContext", "Arma3WebService.DBContext\Arma3WebService.DBContext.csproj", "{799E873D-36F0-449B-83C8-8EEE759837E3}"
EndProject
Project("{FAE04EC0-301F-11D3-BF4B-00C04F79EFBC}") = "Arma3WebService.Migrations.SQLite", "Arma3WebService.Migrations.SQLite\Arma3WebService.Migrations.SQLite.csproj", "{F8C94526-AF57-4C2B-AA2B-8B4A84FCE30C}"
EndProject
Project("{2150E333-8FDC-42A3-9474-1A3956D46DE8}") = "Solution Items", "Solution Items", "{D21DD5FB-A43F-4E41-8AD7-D0ABF86FA8A8}"
	ProjectSection(SolutionItems) = preProject
		compose.yaml = compose.yaml
	EndProjectSection
EndProject
Project("{FAE04EC0-301F-11D3-BF4B-00C04F79EFBC}") = "Component.Websocket", "Component.Websocket\Component.Websocket.csproj", "{1ACCD0DB-34B6-4EAC-8F0C-DD7D1D2548D7}"
EndProject
Global
	GlobalSection(SolutionConfigurationPlatforms) = preSolution
		Debug|Any CPU = Debug|Any CPU
		Debug|x64 = Debug|x64
		Debug|x86 = Debug|x86
		Release|Any CPU = Release|Any CPU
		Release|x64 = Release|x64
		Release|x86 = Release|x86
	EndGlobalSection
	GlobalSection(ProjectConfigurationPlatforms) = postSolution
		{C71A1E67-9C19-493D-A69E-04A1AA18BE19}.Debug|Any CPU.ActiveCfg = Debug|Any CPU
		{C71A1E67-9C19-493D-A69E-04A1AA18BE19}.Debug|Any CPU.Build.0 = Debug|Any CPU
		{C71A1E67-9C19-493D-A69E-04A1AA18BE19}.Debug|x64.ActiveCfg = Debug|x64
		{C71A1E67-9C19-493D-A69E-04A1AA18BE19}.Debug|x64.Build.0 = Debug|x64
		{C71A1E67-9C19-493D-A69E-04A1AA18BE19}.Debug|x86.ActiveCfg = Debug|x86
		{C71A1E67-9C19-493D-A69E-04A1AA18BE19}.Debug|x86.Build.0 = Debug|x86
		{C71A1E67-9C19-493D-A69E-04A1AA18BE19}.Release|Any CPU.ActiveCfg = Release|Any CPU
		{C71A1E67-9C19-493D-A69E-04A1AA18BE19}.Release|Any CPU.Build.0 = Release|Any CPU
		{C71A1E67-9C19-493D-A69E-04A1AA18BE19}.Release|x64.ActiveCfg = Release|x64
		{C71A1E67-9C19-493D-A69E-04A1AA18BE19}.Release|x64.Build.0 = Release|x64
		{C71A1E67-9C19-493D-A69E-04A1AA18BE19}.Release|x86.ActiveCfg = Release|x86
		{C71A1E67-9C19-493D-A69E-04A1AA18BE19}.Release|x86.Build.0 = Release|x86
		{F8606BDD-8B28-43F9-8E96-06CCE7387498}.Debug|Any CPU.ActiveCfg = Debug|Any CPU
		{F8606BDD-8B28-43F9-8E96-06CCE7387498}.Debug|Any CPU.Build.0 = Debug|Any CPU
		{F8606BDD-8B28-43F9-8E96-06CCE7387498}.Debug|x64.ActiveCfg = Debug|Any CPU
		{F8606BDD-8B28-43F9-8E96-06CCE7387498}.Debug|x64.Build.0 = Debug|Any CPU
		{F8606BDD-8B28-43F9-8E96-06CCE7387498}.Debug|x86.ActiveCfg = Debug|Any CPU
		{F8606BDD-8B28-43F9-8E96-06CCE7387498}.Debug|x86.Build.0 = Debug|Any CPU
		{F8606BDD-8B28-43F9-8E96-06CCE7387498}.Release|Any CPU.ActiveCfg = Release|Any CPU
		{F8606BDD-8B28-43F9-8E96-06CCE7387498}.Release|Any CPU.Build.0 = Release|Any CPU
		{F8606BDD-8B28-43F9-8E96-06CCE7387498}.Release|x64.ActiveCfg = Release|Any CPU
		{F8606BDD-8B28-43F9-8E96-06CCE7387498}.Release|x64.Build.0 = Release|Any CPU
		{F8606BDD-8B28-43F9-8E96-06CCE7387498}.Release|x86.ActiveCfg = Release|Any CPU
		{F8606BDD-8B28-43F9-8E96-06CCE7387498}.Release|x86.Build.0 = Release|Any CPU
		{816392A1-8C07-4420-9A94-55DFD96C7E28}.Debug|Any CPU.ActiveCfg = Debug|Any CPU
		{816392A1-8C07-4420-9A94-55DFD96C7E28}.Debug|Any CPU.Build.0 = Debug|Any CPU
		{816392A1-8C07-4420-9A94-55DFD96C7E28}.Debug|x64.ActiveCfg = Debug|Any CPU
		{816392A1-8C07-4420-9A94-55DFD96C7E28}.Debug|x64.Build.0 = Debug|Any CPU
		{816392A1-8C07-4420-9A94-55DFD96C7E28}.Debug|x86.ActiveCfg = Debug|Any CPU
		{816392A1-8C07-4420-9A94-55DFD96C7E28}.Debug|x86.Build.0 = Debug|Any CPU
		{816392A1-8C07-4420-9A94-55DFD96C7E28}.Release|Any CPU.ActiveCfg = Release|Any CPU
		{816392A1-8C07-4420-9A94-55DFD96C7E28}.Release|Any CPU.Build.0 = Release|Any CPU
		{816392A1-8C07-4420-9A94-55DFD96C7E28}.Release|x64.ActiveCfg = Release|Any CPU
		{816392A1-8C07-4420-9A94-55DFD96C7E28}.Release|x64.Build.0 = Release|Any CPU
		{816392A1-8C07-4420-9A94-55DFD96C7E28}.Release|x86.ActiveCfg = Release|Any CPU
		{816392A1-8C07-4420-9A94-55DFD96C7E28}.Release|x86.Build.0 = Release|Any CPU
		{EE45C57D-E941-4F8B-A315-624ECBA39282}.Debug|Any CPU.ActiveCfg = Debug|Any CPU
		{EE45C57D-E941-4F8B-A315-624ECBA39282}.Debug|Any CPU.Build.0 = Debug|Any CPU
		{EE45C57D-E941-4F8B-A315-624ECBA39282}.Debug|x64.ActiveCfg = Debug|Any CPU
		{EE45C57D-E941-4F8B-A315-624ECBA39282}.Debug|x64.Build.0 = Debug|Any CPU
		{EE45C57D-E941-4F8B-A315-624ECBA39282}.Debug|x86.ActiveCfg = Debug|Any CPU
		{EE45C57D-E941-4F8B-A315-624ECBA39282}.Debug|x86.Build.0 = Debug|Any CPU
		{EE45C57D-E941-4F8B-A315-624ECBA39282}.Release|Any CPU.ActiveCfg = Release|Any CPU
		{EE45C57D-E941-4F8B-A315-624ECBA39282}.Release|Any CPU.Build.0 = Release|Any CPU
		{EE45C57D-E941-4F8B-A315-624ECBA39282}.Release|x64.ActiveCfg = Release|Any CPU
		{EE45C57D-E941-4F8B-A315-624ECBA39282}.Release|x64.Build.0 = Release|Any CPU
		{EE45C57D-E941-4F8B-A315-624ECBA39282}.Release|x86.ActiveCfg = Release|Any CPU
		{EE45C57D-E941-4F8B-A315-624ECBA39282}.Release|x86.Build.0 = Release|Any CPU
		{F393F1AE-1E34-4A62-8898-C60CD7165AEE}.Debug|Any CPU.ActiveCfg = Debug|Any CPU
		{F393F1AE-1E34-4A62-8898-C60CD7165AEE}.Debug|Any CPU.Build.0 = Debug|Any CPU
		{F393F1AE-1E34-4A62-8898-C60CD7165AEE}.Debug|x64.ActiveCfg = Debug|Any CPU
		{F393F1AE-1E34-4A62-8898-C60CD7165AEE}.Debug|x64.Build.0 = Debug|Any CPU
		{F393F1AE-1E34-4A62-8898-C60CD7165AEE}.Debug|x86.ActiveCfg = Debug|Any CPU
		{F393F1AE-1E34-4A62-8898-C60CD7165AEE}.Debug|x86.Build.0 = Debug|Any CPU
		{F393F1AE-1E34-4A62-8898-C60CD7165AEE}.Release|Any CPU.ActiveCfg = Release|Any CPU
		{F393F1AE-1E34-4A62-8898-C60CD7165AEE}.Release|Any CPU.Build.0 = Release|Any CPU
		{F393F1AE-1E34-4A62-8898-C60CD7165AEE}.Release|x64.ActiveCfg = Release|Any CPU
		{F393F1AE-1E34-4A62-8898-C60CD7165AEE}.Release|x64.Build.0 = Release|Any CPU
		{F393F1AE-1E34-4A62-8898-C60CD7165AEE}.Release|x86.ActiveCfg = Release|Any CPU
		{F393F1AE-1E34-4A62-8898-C60CD7165AEE}.Release|x86.Build.0 = Release|Any CPU
		{FB9E05D2-EB58-7225-AC54-2C648CD56153}.Debug|Any CPU.ActiveCfg = Debug|Any CPU
		{FB9E05D2-EB58-7225-AC54-2C648CD56153}.Debug|Any CPU.Build.0 = Debug|Any CPU
		{FB9E05D2-EB58-7225-AC54-2C648CD56153}.Debug|Any CPU.Deploy.0 = Debug|Any CPU
		{FB9E05D2-EB58-7225-AC54-2C648CD56153}.Debug|x64.ActiveCfg = Debug|Any CPU
		{FB9E05D2-EB58-7225-AC54-2C648CD56153}.Debug|x64.Build.0 = Debug|Any CPU
		{FB9E05D2-EB58-7225-AC54-2C648CD56153}.Debug|x64.Deploy.0 = Debug|Any CPU
		{FB9E05D2-EB58-7225-AC54-2C648CD56153}.Debug|x86.ActiveCfg = Debug|Any CPU
		{FB9E05D2-EB58-7225-AC54-2C648CD56153}.Debug|x86.Build.0 = Debug|Any CPU
		{FB9E05D2-EB58-7225-AC54-2C648CD56153}.Debug|x86.Deploy.0 = Debug|Any CPU
		{FB9E05D2-EB58-7225-AC54-2C648CD56153}.Release|Any CPU.ActiveCfg = Release|Any CPU
		{FB9E05D2-EB58-7225-AC54-2C648CD56153}.Release|Any CPU.Build.0 = Release|Any CPU
		{FB9E05D2-EB58-7225-AC54-2C648CD56153}.Release|Any CPU.Deploy.0 = Release|Any CPU
		{FB9E05D2-EB58-7225-AC54-2C648CD56153}.Release|x64.ActiveCfg = Release|Any CPU
		{FB9E05D2-EB58-7225-AC54-2C648CD56153}.Release|x64.Build.0 = Release|Any CPU
		{FB9E05D2-EB58-7225-AC54-2C648CD56153}.Release|x64.Deploy.0 = Release|Any CPU
		{FB9E05D2-EB58-7225-AC54-2C648CD56153}.Release|x86.ActiveCfg = Release|Any CPU
		{FB9E05D2-EB58-7225-AC54-2C648CD56153}.Release|x86.Build.0 = Release|Any CPU
		{FB9E05D2-EB58-7225-AC54-2C648CD56153}.Release|x86.Deploy.0 = Release|Any CPU
		{499416A8-8C8D-4B6B-81A3-7E11E159FBBE}.Debug|Any CPU.ActiveCfg = Debug|Any CPU
		{499416A8-8C8D-4B6B-81A3-7E11E159FBBE}.Debug|Any CPU.Build.0 = Debug|Any CPU
		{499416A8-8C8D-4B6B-81A3-7E11E159FBBE}.Debug|x64.ActiveCfg = Debug|Any CPU
		{499416A8-8C8D-4B6B-81A3-7E11E159FBBE}.Debug|x64.Build.0 = Debug|Any CPU
		{499416A8-8C8D-4B6B-81A3-7E11E159FBBE}.Debug|x86.ActiveCfg = Debug|Any CPU
		{499416A8-8C8D-4B6B-81A3-7E11E159FBBE}.Debug|x86.Build.0 = Debug|Any CPU
		{499416A8-8C8D-4B6B-81A3-7E11E159FBBE}.Release|Any CPU.ActiveCfg = Release|Any CPU
		{499416A8-8C8D-4B6B-81A3-7E11E159FBBE}.Release|Any CPU.Build.0 = Release|Any CPU
		{499416A8-8C8D-4B6B-81A3-7E11E159FBBE}.Release|x64.ActiveCfg = Release|Any CPU
		{499416A8-8C8D-4B6B-81A3-7E11E159FBBE}.Release|x64.Build.0 = Release|Any CPU
		{499416A8-8C8D-4B6B-81A3-7E11E159FBBE}.Release|x86.ActiveCfg = Release|Any CPU
		{499416A8-8C8D-4B6B-81A3-7E11E159FBBE}.Release|x86.Build.0 = Release|Any CPU
		{10DC7860-98D5-49F1-8CD1-2B9A36D691BC}.Debug|Any CPU.ActiveCfg = Debug|Any CPU
		{10DC7860-98D5-49F1-8CD1-2B9A36D691BC}.Debug|Any CPU.Build.0 = Debug|Any CPU
		{10DC7860-98D5-49F1-8CD1-2B9A36D691BC}.Debug|x64.ActiveCfg = Debug|Any CPU
		{10DC7860-98D5-49F1-8CD1-2B9A36D691BC}.Debug|x64.Build.0 = Debug|Any CPU
		{10DC7860-98D5-49F1-8CD1-2B9A36D691BC}.Debug|x86.ActiveCfg = Debug|Any CPU
		{10DC7860-98D5-49F1-8CD1-2B9A36D691BC}.Debug|x86.Build.0 = Debug|Any CPU
		{10DC7860-98D5-49F1-8CD1-2B9A36D691BC}.Release|Any CPU.ActiveCfg = Release|Any CPU
		{10DC7860-98D5-49F1-8CD1-2B9A36D691BC}.Release|Any CPU.Build.0 = Release|Any CPU
		{10DC7860-98D5-49F1-8CD1-2B9A36D691BC}.Release|x64.ActiveCfg = Release|Any CPU
		{10DC7860-98D5-49F1-8CD1-2B9A36D691BC}.Release|x64.Build.0 = Release|Any CPU
		{10DC7860-98D5-49F1-8CD1-2B9A36D691BC}.Release|x86.ActiveCfg = Release|Any CPU
		{10DC7860-98D5-49F1-8CD1-2B9A36D691BC}.Release|x86.Build.0 = Release|Any CPU
		{CB8E741D-B799-4611-8C0F-8D48D40F614E}.Debug|Any CPU.ActiveCfg = Debug|Any CPU
		{CB8E741D-B799-4611-8C0F-8D48D40F614E}.Debug|Any CPU.Build.0 = Debug|Any CPU
		{CB8E741D-B799-4611-8C0F-8D48D40F614E}.Debug|x64.ActiveCfg = Debug|Any CPU
		{CB8E741D-B799-4611-8C0F-8D48D40F614E}.Debug|x64.Build.0 = Debug|Any CPU
		{CB8E741D-B799-4611-8C0F-8D48D40F614E}.Debug|x86.ActiveCfg = Debug|Any CPU
		{CB8E741D-B799-4611-8C0F-8D48D40F614E}.Debug|x86.Build.0 = Debug|Any CPU
		{CB8E741D-B799-4611-8C0F-8D48D40F614E}.Release|Any CPU.ActiveCfg = Release|Any CPU
		{CB8E741D-B799-4611-8C0F-8D48D40F614E}.Release|Any CPU.Build.0 = Release|Any CPU
		{CB8E741D-B799-4611-8C0F-8D48D40F614E}.Release|x64.ActiveCfg = Release|Any CPU
		{CB8E741D-B799-4611-8C0F-8D48D40F614E}.Release|x64.Build.0 = Release|Any CPU
		{CB8E741D-B799-4611-8C0F-8D48D40F614E}.Release|x86.ActiveCfg = Release|Any CPU
		{CB8E741D-B799-4611-8C0F-8D48D40F614E}.Release|x86.Build.0 = Release|Any CPU
		{09E6EAEC-1E41-469C-960D-C251591FA3A2}.Debug|Any CPU.ActiveCfg = Debug|Any CPU
		{09E6EAEC-1E41-469C-960D-C251591FA3A2}.Debug|Any CPU.Build.0 = Debug|Any CPU
		{09E6EAEC-1E41-469C-960D-C251591FA3A2}.Debug|x64.ActiveCfg = Debug|Any CPU
		{09E6EAEC-1E41-469C-960D-C251591FA3A2}.Debug|x64.Build.0 = Debug|Any CPU
		{09E6EAEC-1E41-469C-960D-C251591FA3A2}.Debug|x86.ActiveCfg = Debug|Any CPU
		{09E6EAEC-1E41-469C-960D-C251591FA3A2}.Debug|x86.Build.0 = Debug|Any CPU
		{09E6EAEC-1E41-469C-960D-C251591FA3A2}.Release|Any CPU.ActiveCfg = Release|Any CPU
		{09E6EAEC-1E41-469C-960D-C251591FA3A2}.Release|Any CPU.Build.0 = Release|Any CPU
		{09E6EAEC-1E41-469C-960D-C251591FA3A2}.Release|x64.ActiveCfg = Release|Any CPU
		{09E6EAEC-1E41-469C-960D-C251591FA3A2}.Release|x64.Build.0 = Release|Any CPU
		{09E6EAEC-1E41-469C-960D-C251591FA3A2}.Release|x86.ActiveCfg = Release|Any CPU
		{09E6EAEC-1E41-469C-960D-C251591FA3A2}.Release|x86.Build.0 = Release|Any CPU
		{799E873D-36F0-449B-83C8-8EEE759837E3}.Debug|Any CPU.ActiveCfg = Debug|Any CPU
		{799E873D-36F0-449B-83C8-8EEE759837E3}.Debug|Any CPU.Build.0 = Debug|Any CPU
		{799E873D-36F0-449B-83C8-8EEE759837E3}.Debug|x64.ActiveCfg = Debug|Any CPU
		{799E873D-36F0-449B-83C8-8EEE759837E3}.Debug|x64.Build.0 = Debug|Any CPU
		{799E873D-36F0-449B-83C8-8EEE759837E3}.Debug|x86.ActiveCfg = Debug|Any CPU
		{799E873D-36F0-449B-83C8-8EEE759837E3}.Debug|x86.Build.0 = Debug|Any CPU
		{799E873D-36F0-449B-83C8-8EEE759837E3}.Release|Any CPU.ActiveCfg = Release|Any CPU
		{799E873D-36F0-449B-83C8-8EEE759837E3}.Release|Any CPU.Build.0 = Release|Any CPU
		{799E873D-36F0-449B-83C8-8EEE759837E3}.Release|x64.ActiveCfg = Release|Any CPU
		{799E873D-36F0-449B-83C8-8EEE759837E3}.Release|x64.Build.0 = Release|Any CPU
		{799E873D-36F0-449B-83C8-8EEE759837E3}.Release|x86.ActiveCfg = Release|Any CPU
		{799E873D-36F0-449B-83C8-8EEE759837E3}.Release|x86.Build.0 = Release|Any CPU
		{F8C94526-AF57-4C2B-AA2B-8B4A84FCE30C}.Debug|Any CPU.ActiveCfg = Debug|Any CPU
		{F8C94526-AF57-4C2B-AA2B-8B4A84FCE30C}.Debug|Any CPU.Build.0 = Debug|Any CPU
		{F8C94526-AF57-4C2B-AA2B-8B4A84FCE30C}.Debug|x64.ActiveCfg = Debug|Any CPU
		{F8C94526-AF57-4C2B-AA2B-8B4A84FCE30C}.Debug|x64.Build.0 = Debug|Any CPU
		{F8C94526-AF57-4C2B-AA2B-8B4A84FCE30C}.Debug|x86.ActiveCfg = Debug|Any CPU
		{F8C94526-AF57-4C2B-AA2B-8B4A84FCE30C}.Debug|x86.Build.0 = Debug|Any CPU
		{F8C94526-AF57-4C2B-AA2B-8B4A84FCE30C}.Release|Any CPU.ActiveCfg = Release|Any CPU
		{F8C94526-AF57-4C2B-AA2B-8B4A84FCE30C}.Release|Any CPU.Build.0 = Release|Any CPU
		{F8C94526-AF57-4C2B-AA2B-8B4A84FCE30C}.Release|x64.ActiveCfg = Release|Any CPU
		{F8C94526-AF57-4C2B-AA2B-8B4A84FCE30C}.Release|x64.Build.0 = Release|Any CPU
		{F8C94526-AF57-4C2B-AA2B-8B4A84FCE30C}.Release|x86.ActiveCfg = Release|Any CPU
		{F8C94526-AF57-4C2B-AA2B-8B4A84FCE30C}.Release|x86.Build.0 = Release|Any CPU
		{1ACCD0DB-34B6-4EAC-8F0C-DD7D1D2548D7}.Debug|Any CPU.ActiveCfg = Debug|Any CPU
		{1ACCD0DB-34B6-4EAC-8F0C-DD7D1D2548D7}.Debug|Any CPU.Build.0 = Debug|Any CPU
		{1ACCD0DB-34B6-4EAC-8F0C-DD7D1D2548D7}.Debug|x64.ActiveCfg = Debug|Any CPU
		{1ACCD0DB-34B6-4EAC-8F0C-DD7D1D2548D7}.Debug|x64.Build.0 = Debug|Any CPU
		{1ACCD0DB-34B6-4EAC-8F0C-DD7D1D2548D7}.Debug|x86.ActiveCfg = Debug|Any CPU
		{1ACCD0DB-34B6-4EAC-8F0C-DD7D1D2548D7}.Debug|x86.Build.0 = Debug|Any CPU
		{1ACCD0DB-34B6-4EAC-8F0C-DD7D1D2548D7}.Release|Any CPU.ActiveCfg = Release|Any CPU
		{1ACCD0DB-34B6-4EAC-8F0C-DD7D1D2548D7}.Release|Any CPU.Build.0 = Release|Any CPU
		{1ACCD0DB-34B6-4EAC-8F0C-DD7D1D2548D7}.Release|x64.ActiveCfg = Release|Any CPU
		{1ACCD0DB-34B6-4EAC-8F0C-DD7D1D2548D7}.Release|x64.Build.0 = Release|Any CPU
		{1ACCD0DB-34B6-4EAC-8F0C-DD7D1D2548D7}.Release|x86.ActiveCfg = Release|Any CPU
		{1ACCD0DB-34B6-4EAC-8F0C-DD7D1D2548D7}.Release|x86.Build.0 = Release|Any CPU
		{0E6CF36C-297C-4C8E-A737-939B5F4ED2B4}.Debug|Any CPU.ActiveCfg = Debug|Any CPU
		{0E6CF36C-297C-4C8E-A737-939B5F4ED2B4}.Debug|Any CPU.Build.0 = Debug|Any CPU
		{0E6CF36C-297C-4C8E-A737-939B5F4ED2B4}.Debug|x64.ActiveCfg = Debug|Any CPU
		{0E6CF36C-297C-4C8E-A737-939B5F4ED2B4}.Debug|x64.Build.0 = Debug|Any CPU
		{0E6CF36C-297C-4C8E-A737-939B5F4ED2B4}.Debug|x86.ActiveCfg = Debug|Any CPU
		{0E6CF36C-297C-4C8E-A737-939B5F4ED2B4}.Debug|x86.Build.0 = Debug|Any CPU
		{0E6CF36C-297C-4C8E-A737-939B5F4ED2B4}.Release|Any CPU.ActiveCfg = Release|Any CPU
		{0E6CF36C-297C-4C8E-A737-939B5F4ED2B4}.Release|Any CPU.Build.0 = Release|Any CPU
		{0E6CF36C-297C-4C8E-A737-939B5F4ED2B4}.Release|x64.ActiveCfg = Release|Any CPU
		{0E6CF36C-297C-4C8E-A737-939B5F4ED2B4}.Release|x64.Build.0 = Release|Any CPU
		{0E6CF36C-297C-4C8E-A737-939B5F4ED2B4}.Release|x86.ActiveCfg = Release|Any CPU
		{0E6CF36C-297C-4C8E-A737-939B5F4ED2B4}.Release|x86.Build.0 = Release|Any CPU
		{92193909-D047-4EAE-8EDD-F80521308BF6}.Debug|Any CPU.ActiveCfg = Debug|Any CPU
		{92193909-D047-4EAE-8EDD-F80521308BF6}.Debug|Any CPU.Build.0 = Debug|Any CPU
		{92193909-D047-4EAE-8EDD-F80521308BF6}.Debug|x64.ActiveCfg = Debug|Any CPU
		{92193909-D047-4EAE-8EDD-F80521308BF6}.Debug|x64.Build.0 = Debug|Any CPU
		{92193909-D047-4EAE-8EDD-F80521308BF6}.Debug|x86.ActiveCfg = Debug|Any CPU
		{92193909-D047-4EAE-8EDD-F80521308BF6}.Debug|x86.Build.0 = Debug|Any CPU
		{92193909-D047-4EAE-8EDD-F80521308BF6}.Release|Any CPU.ActiveCfg = Release|Any CPU
		{92193909-D047-4EAE-8EDD-F80521308BF6}.Release|Any CPU.Build.0 = Release|Any CPU
		{92193909-D047-4EAE-8EDD-F80521308BF6}.Release|x64.ActiveCfg = Release|Any CPU
		{92193909-D047-4EAE-8EDD-F80521308BF6}.Release|x64.Build.0 = Release|Any CPU
		{92193909-D047-4EAE-8EDD-F80521308BF6}.Release|x86.ActiveCfg = Release|Any CPU
		{92193909-D047-4EAE-8EDD-F80521308BF6}.Release|x86.Build.0 = Release|Any CPU
	EndGlobalSection
	GlobalSection(SolutionProperties) = preSolution
		HideSolutionNode = FALSE
	EndGlobalSection
	GlobalSection(ExtensibilityGlobals) = postSolution
		SolutionGuid = {667660E0-1330-4903-8663-A761DABF112D}
	EndGlobalSection
EndGlobal
